{
  "name": "supit-projekt",
  "version": "1.0.0",
  "lockfileVersion": 3,
  "requires": true,
  "packages": {
    "": {
      "name": "supit-projekt",
      "version": "1.0.0",
      "dependencies": {
        "@fancyapps/ui": "^5.0.36",
        "jquery": "^3.7.1",
        "jquery-ui": "^1.14.1"
      }
    },
    "node_modules/@fancyapps/ui": {
      "version": "5.0.36",
      "resolved": "https://registry.npmjs.org/@fancyapps/ui/-/ui-5.0.36.tgz",
      "integrity": "sha512-GMygQzp1MBTFNTT6AzpbL6pXTD6bTxwjmmpI1fe8Ozmmiseu8/g82Sudl1YhcbZmS4bJgaBOF5THDFGpXQ1fDw==",
      "license": "SEE LICENSE IN LICENSE.md"
    },
    "node_modules/jquery": {
      "version": "3.7.1",
      "resolved": "https://registry.npmjs.org/jquery/-/jquery-3.7.1.tgz",
      "integrity": "sha512-m4avr8yL8kmFN8psrbFFFmB/If14iN5o9nw/NgnnM+kybDJpRsAynV2BsfpTYrTRysYUdADVD7CkUUizgkpLfg==",
      "license": "MIT"
    },
    "node_modules/jquery-ui": {
      "version": "1.14.1",
      "resolved": "https://registry.npmjs.org/jquery-ui/-/jquery-ui-1.14.1.tgz",
      "integrity": "sha512-DhzsYH8VeIvOaxwi+B/2BCsFFT5EGjShdzOcm5DssWjtcpGWIMsn66rJciDA6jBruzNiLf1q0KvwMoX1uGNvnQ==",
      "license": "MIT",
      "dependencies": {
        "jquery": ">=1.12.0 <5.0.0"
      }
    }
  }
}
